
Microsoft Visual Studio Solution File, Format Version 12.00
# Visual Studio 15
VisualStudioVersion = 15.0.28307.168
MinimumVisualStudioVersion = 10.0.40219.1
Project("{FAE04EC0-301F-11D3-BF4B-00C04F79EFBC}") = "CCNUAutoLogin", "CCNUAutoLogin\CCNUAutoLogin.csproj", "{195502D5-7714-498F-827E-55A94F3A51E1}"
EndProject
Project("{FAE04EC0-301F-11D3-BF4B-00C04F79EFBC}") = "CCNUAutoLoginTest", "CCNUAutoLoginTest\CCNUAutoLoginTest.csproj", "{EA90A365-0AC1-4FFA-B3E4-BEF540A2ED64}"
EndProject
Global
	GlobalSection(SolutionConfigurationPlatforms) = preSolution
		Debug|Any CPU = Debug|Any CPU
		Release|Any CPU = Release|Any CPU
	EndGlobalSection
	GlobalSection(ProjectConfigurationPlatforms) = postSolution
		{195502D5-7714-498F-827E-55A94F3A51E1}.Debug|Any CPU.ActiveCfg = Debug|Any CPU
		{195502D5-7714-498F-827E-55A94F3A51E1}.Debug|Any CPU.Build.0 = Debug|Any CPU
		{195502D5-7714-498F-827E-55A94F3A51E1}.Release|Any CPU.ActiveCfg = Release|Any CPU
		{195502D5-7714-498F-827E-55A94F3A51E1}.Release|Any CPU.Build.0 = Release|Any CPU
		{EA90A365-0AC1-4FFA-B3E4-BEF540A2ED64}.Debug|Any CPU.ActiveCfg = Debug|Any CPU
		{EA90A365-0AC1-4FFA-B3E4-BEF540A2ED64}.Debug|Any CPU.Build.0 = Debug|Any CPU
		{EA90A365-0AC1-4FFA-B3E4-BEF540A2ED64}.Release|Any CPU.ActiveCfg = Release|Any CPU
		{EA90A365-0AC1-4FFA-B3E4-BEF540A2ED64}.Release|Any CPU.Build.0 = Release|Any CPU
	EndGlobalSection
	GlobalSection(SolutionProperties) = preSolution
		HideSolutionNode = FALSE
	EndGlobalSection
	GlobalSection(ExtensibilityGlobals) = postSolution
		SolutionGuid = {A0C6E04D-5BEF-4B31-9DD9-137882EA3D16}
	EndGlobalSection
EndGlobal
